
Microsoft Visual Studio Solution File, Format Version 12.00
# Visual Studio 2012
Project("{FAE04EC0-301F-11D3-BF4B-00C04F79EFBC}") = "bitLab.LaserCat", "bitLab.LaserCat\bitLab.LaserCat.csproj", "{C13FCF02-027A-4BE4-9C56-D35A0DC7A677}"
EndProject
Project("{FAE04EC0-301F-11D3-BF4B-00C04F79EFBC}") = "bitLab.LaserCat.Grbl", "bitLab.LaserCat.Grbl\bitLab.LaserCat.Grbl.csproj", "{EBD51F58-1FD6-40AC-A0E2-432B7965A4C0}"
EndProject
Project("{FAE04EC0-301F-11D3-BF4B-00C04F79EFBC}") = "bitLab.ViewModel", "bitLab.ViewModel\bitLab.ViewModel.csproj", "{830D827E-3603-4564-ADCD-A084F5581FD1}"
EndProject
Project("{FAE04EC0-301F-11D3-BF4B-00C04F79EFBC}") = "bitLab.Logging", "bitLab.Logging\bitLab.Logging.csproj", "{A25DC3F3-71DF-4145-93E3-A7C5ECA652B1}"
EndProject
Project("{FAE04EC0-301F-11D3-BF4B-00C04F79EFBC}") = "bitLab.Math", "bitLab.Math\bitLab.Math.csproj", "{97412EF3-DEEF-41DA-A332-F3920FA41860}"
EndProject
Global
	GlobalSection(SolutionConfigurationPlatforms) = preSolution
		Debug|Any CPU = Debug|Any CPU
		Release|Any CPU = Release|Any CPU
	EndGlobalSection
	GlobalSection(ProjectConfigurationPlatforms) = postSolution
		{C13FCF02-027A-4BE4-9C56-D35A0DC7A677}.Debug|Any CPU.ActiveCfg = Debug|Any CPU
		{C13FCF02-027A-4BE4-9C56-D35A0DC7A677}.Debug|Any CPU.Build.0 = Debug|Any CPU
		{C13FCF02-027A-4BE4-9C56-D35A0DC7A677}.Release|Any CPU.ActiveCfg = Release|Any CPU
		{C13FCF02-027A-4BE4-9C56-D35A0DC7A677}.Release|Any CPU.Build.0 = Release|Any CPU
		{EBD51F58-1FD6-40AC-A0E2-432B7965A4C0}.Debug|Any CPU.ActiveCfg = Debug|Any CPU
		{EBD51F58-1FD6-40AC-A0E2-432B7965A4C0}.Debug|Any CPU.Build.0 = Debug|Any CPU
		{EBD51F58-1FD6-40AC-A0E2-432B7965A4C0}.Release|Any CPU.ActiveCfg = Release|Any CPU
		{EBD51F58-1FD6-40AC-A0E2-432B7965A4C0}.Release|Any CPU.Build.0 = Release|Any CPU
		{830D827E-3603-4564-ADCD-A084F5581FD1}.Debug|Any CPU.ActiveCfg = Debug|Any CPU
		{830D827E-3603-4564-ADCD-A084F5581FD1}.Debug|Any CPU.Build.0 = Debug|Any CPU
		{830D827E-3603-4564-ADCD-A084F5581FD1}.Release|Any CPU.ActiveCfg = Release|Any CPU
		{830D827E-3603-4564-ADCD-A084F5581FD1}.Release|Any CPU.Build.0 = Release|Any CPU
		{A25DC3F3-71DF-4145-93E3-A7C5ECA652B1}.Debug|Any CPU.ActiveCfg = Debug|Any CPU
		{A25DC3F3-71DF-4145-93E3-A7C5ECA652B1}.Debug|Any CPU.Build.0 = Debug|Any CPU
		{A25DC3F3-71DF-4145-93E3-A7C5ECA652B1}.Release|Any CPU.ActiveCfg = Release|Any CPU
		{A25DC3F3-71DF-4145-93E3-A7C5ECA652B1}.Release|Any CPU.Build.0 = Release|Any CPU
		{97412EF3-DEEF-41DA-A332-F3920FA41860}.Debug|Any CPU.ActiveCfg = Debug|Any CPU
		{97412EF3-DEEF-41DA-A332-F3920FA41860}.Debug|Any CPU.Build.0 = Debug|Any CPU
		{97412EF3-DEEF-41DA-A332-F3920FA41860}.Release|Any CPU.ActiveCfg = Release|Any CPU
		{97412EF3-DEEF-41DA-A332-F3920FA41860}.Release|Any CPU.Build.0 = Release|Any CPU
	EndGlobalSection
	GlobalSection(SolutionProperties) = preSolution
		HideSolutionNode = FALSE
	EndGlobalSection
EndGlobal
