
Microsoft Visual Studio Solution File, Format Version 12.00
# Visual Studio 2012
Project("{FAE04EC0-301F-11D3-BF4B-00C04F79EFBC}") = "LaserCat-Net", "LaserCat-Net\LaserCat-Net.csproj", "{C13FCF02-027A-4BE4-9C56-D35A0DC7A677}"
EndProject
Project("{FAE04EC0-301F-11D3-BF4B-00C04F79EFBC}") = "LaserCat-Net.Grbl", "LaserCat-Net.Grbl\LaserCat-Net.Grbl.csproj", "{EBD51F58-1FD6-40AC-A0E2-432B7965A4C0}"
EndProject
Global
	GlobalSection(SolutionConfigurationPlatforms) = preSolution
		Debug|Any CPU = Debug|Any CPU
		Release|Any CPU = Release|Any CPU
	EndGlobalSection
	GlobalSection(ProjectConfigurationPlatforms) = postSolution
		{C13FCF02-027A-4BE4-9C56-D35A0DC7A677}.Debug|Any CPU.ActiveCfg = Debug|Any CPU
		{C13FCF02-027A-4BE4-9C56-D35A0DC7A677}.Debug|Any CPU.Build.0 = Debug|Any CPU
		{C13FCF02-027A-4BE4-9C56-D35A0DC7A677}.Release|Any CPU.ActiveCfg = Release|Any CPU
		{C13FCF02-027A-4BE4-9C56-D35A0DC7A677}.Release|Any CPU.Build.0 = Release|Any CPU
		{EBD51F58-1FD6-40AC-A0E2-432B7965A4C0}.Debug|Any CPU.ActiveCfg = Debug|Any CPU
		{EBD51F58-1FD6-40AC-A0E2-432B7965A4C0}.Debug|Any CPU.Build.0 = Debug|Any CPU
		{EBD51F58-1FD6-40AC-A0E2-432B7965A4C0}.Release|Any CPU.ActiveCfg = Release|Any CPU
		{EBD51F58-1FD6-40AC-A0E2-432B7965A4C0}.Release|Any CPU.Build.0 = Release|Any CPU
	EndGlobalSection
	GlobalSection(SolutionProperties) = preSolution
		HideSolutionNode = FALSE
	EndGlobalSection
EndGlobal
